// !$*UTF8*$!
{
	archiveVersion = 1;
	classes = {
	};
	objectVersion = 55;
	objects = {

/* Begin PBXBuildFile section */
		8B7B0B9226D289A900717D00 /* Sacramento-Regular.ttf in Resources */ = {isa = PBXBuildFile; fileRef = 8B7B0B9026D289A800717D00 /* Sacramento-Regular.ttf */; };
		8B7B0B9326D289A900717D00 /* OFL.txt in Resources */ = {isa = PBXBuildFile; fileRef = 8B7B0B9126D289A800717D00 /* OFL.txt */; };
		8B7B0B9726D28BA100717D00 /* FontManger.swift in Sources */ = {isa = PBXBuildFile; fileRef = 8B7B0B9626D28BA100717D00 /* FontManger.swift */; };
		8BE37C8F26CC1CE700A2219E /* simbaApp.swift in Sources */ = {isa = PBXBuildFile; fileRef = 8BE37C8E26CC1CE700A2219E /* simbaApp.swift */; };
		8BE37C9126CC1CE700A2219E /* ContentView.swift in Sources */ = {isa = PBXBuildFile; fileRef = 8BE37C9026CC1CE700A2219E /* ContentView.swift */; };
		8BE37C9326CC1CE800A2219E /* Assets.xcassets in Resources */ = {isa = PBXBuildFile; fileRef = 8BE37C9226CC1CE800A2219E /* Assets.xcassets */; };
		8BE37C9626CC1CE800A2219E /* Preview Assets.xcassets in Resources */ = {isa = PBXBuildFile; fileRef = 8BE37C9526CC1CE800A2219E /* Preview Assets.xcassets */; };
/* End PBXBuildFile section */

/* Begin PBXFileReference section */
		8B7B0B9026D289A800717D00 /* Sacramento-Regular.ttf */ = {isa = PBXFileReference; lastKnownFileType = file; path = "Sacramento-Regular.ttf"; sourceTree = "<group>"; };
		8B7B0B9126D289A800717D00 /* OFL.txt */ = {isa = PBXFileReference; fileEncoding = 4; lastKnownFileType = text; path = OFL.txt; sourceTree = "<group>"; };
		8B7B0B9426D28B1A00717D00 /* Info.plist */ = {isa = PBXFileReference; lastKnownFileType = text.plist; path = Info.plist; sourceTree = "<group>"; };
		8B7B0B9626D28BA100717D00 /* FontManger.swift */ = {isa = PBXFileReference; lastKnownFileType = sourcecode.swift; path = FontManger.swift; sourceTree = "<group>"; };
		8BE37C8B26CC1CE700A2219E /* simba.app */ = {isa = PBXFileReference; explicitFileType = wrapper.application; includeInIndex = 0; path = simba.app; sourceTree = BUILT_PRODUCTS_DIR; };
		8BE37C8E26CC1CE700A2219E /* simbaApp.swift */ = {isa = PBXFileReference; lastKnownFileType = sourcecode.swift; path = simbaApp.swift; sourceTree = "<group>"; };
		8BE37C9026CC1CE700A2219E /* ContentView.swift */ = {isa = PBXFileReference; lastKnownFileType = sourcecode.swift; path = ContentView.swift; sourceTree = "<group>"; };
		8BE37C9226CC1CE800A2219E /* Assets.xcassets */ = {isa = PBXFileReference; lastKnownFileType = folder.assetcatalog; path = Assets.xcassets; sourceTree = "<group>"; };
		8BE37C9526CC1CE800A2219E /* Preview Assets.xcassets */ = {isa = PBXFileReference; lastKnownFileType = folder.assetcatalog; path = "Preview Assets.xcassets"; sourceTree = "<group>"; };
/* End PBXFileReference section */

/* Begin PBXFrameworksBuildPhase section */
		8BE37C8826CC1CE700A2219E /* Frameworks */ = {
			isa = PBXFrameworksBuildPhase;
			buildActionMask = 2147483647;
			files = (
			);
			runOnlyForDeploymentPostprocessing = 0;
		};
/* End PBXFrameworksBuildPhase section */

/* Begin PBXGroup section */
		8B7B0B8E26D2899500717D00 /* font */ = {
			isa = PBXGroup;
			children = (
				8B7B0B8F26D289A800717D00 /* Sacramento */,
			);
			path = font;
			sourceTree = "<group>";
		};
		8B7B0B8F26D289A800717D00 /* Sacramento */ = {
			isa = PBXGroup;
			children = (
				8B7B0B9026D289A800717D00 /* Sacramento-Regular.ttf */,
				8B7B0B9126D289A800717D00 /* OFL.txt */,
			);
			path = Sacramento;
			sourceTree = "<group>";
		};
		8B7B0B9526D28B8F00717D00 /* fontManager */ = {
			isa = PBXGroup;
			children = (
				8B7B0B9626D28BA100717D00 /* FontManger.swift */,
			);
			path = fontManager;
			sourceTree = "<group>";
		};
		8BE37C8226CC1CE700A2219E = {
			isa = PBXGroup;
			children = (
				8BE37C8D26CC1CE700A2219E /* simba */,
				8BE37C8C26CC1CE700A2219E /* Products */,
			);
			sourceTree = "<group>";
		};
		8BE37C8C26CC1CE700A2219E /* Products */ = {
			isa = PBXGroup;
			children = (
				8BE37C8B26CC1CE700A2219E /* simba.app */,
			);
			name = Products;
			sourceTree = "<group>";
		};
		8BE37C8D26CC1CE700A2219E /* simba */ = {
			isa = PBXGroup;
			children = (
				8B7B0B9426D28B1A00717D00 /* Info.plist */,
				8BE37C8E26CC1CE700A2219E /* simbaApp.swift */,
				8BE37C9026CC1CE700A2219E /* ContentView.swift */,
				8B7B0B9526D28B8F00717D00 /* fontManager */,
				8B7B0B8E26D2899500717D00 /* font */,
				8BE37C9226CC1CE800A2219E /* Assets.xcassets */,
				8BE37C9426CC1CE800A2219E /* Preview Content */,
			);
			path = simba;
			sourceTree = "<group>";
		};
		8BE37C9426CC1CE800A2219E /* Preview Content */ = {
			isa = PBXGroup;
			children = (
				8BE37C9526CC1CE800A2219E /* Preview Assets.xcassets */,
			);
			path = "Preview Content";
			sourceTree = "<group>";
		};
/* End PBXGroup section */

/* Begin PBXNativeTarget section */
		8BE37C8A26CC1CE700A2219E /* simba */ = {
			isa = PBXNativeTarget;
			buildConfigurationList = 8BE37C9926CC1CE800A2219E /* Build configuration list for PBXNativeTarget "simba" */;
			buildPhases = (
				8BE37C8726CC1CE700A2219E /* Sources */,
				8BE37C8826CC1CE700A2219E /* Frameworks */,
				8BE37C8926CC1CE700A2219E /* Resources */,
			);
			buildRules = (
			);
			dependencies = (
			);
			name = simba;
			productName = simba;
			productReference = 8BE37C8B26CC1CE700A2219E /* simba.app */;
			productType = "com.apple.product-type.application";
		};
/* End PBXNativeTarget section */

/* Begin PBXProject section */
		8BE37C8326CC1CE700A2219E /* Project object */ = {
			isa = PBXProject;
			attributes = {
				BuildIndependentTargetsInParallel = 1;
				LastSwiftUpdateCheck = 1300;
				LastUpgradeCheck = 1300;
				TargetAttributes = {
					8BE37C8A26CC1CE700A2219E = {
						CreatedOnToolsVersion = 13.0;
					};
				};
			};
			buildConfigurationList = 8BE37C8626CC1CE700A2219E /* Build configuration list for PBXProject "simba" */;
			compatibilityVersion = "Xcode 13.0";
			developmentRegion = en;
			hasScannedForEncodings = 0;
			knownRegions = (
				en,
				Base,
			);
			mainGroup = 8BE37C8226CC1CE700A2219E;
			productRefGroup = 8BE37C8C26CC1CE700A2219E /* Products */;
			projectDirPath = "";
			projectRoot = "";
			targets = (
				8BE37C8A26CC1CE700A2219E /* simba */,
			);
		};
/* End PBXProject section */

/* Begin PBXResourcesBuildPhase section */
		8BE37C8926CC1CE700A2219E /* Resources */ = {
			isa = PBXResourcesBuildPhase;
			buildActionMask = 2147483647;
			files = (
				8BE37C9626CC1CE800A2219E /* Preview Assets.xcassets in Resources */,
				8B7B0B9226D289A900717D00 /* Sacramento-Regular.ttf in Resources */,
				8B7B0B9326D289A900717D00 /* OFL.txt in Resources */,
				8BE37C9326CC1CE800A2219E /* Assets.xcassets in Resources */,
			);
			runOnlyForDeploymentPostprocessing = 0;
		};
/* End PBXResourcesBuildPhase section */

/* Begin PBXSourcesBuildPhase section */
		8BE37C8726CC1CE700A2219E /* Sources */ = {
			isa = PBXSourcesBuildPhase;
			buildActionMask = 2147483647;
			files = (
				8BE37C9126CC1CE700A2219E /* ContentView.swift in Sources */,
				8BE37C8F26CC1CE700A2219E /* simbaApp.swift in Sources */,
				8B7B0B9726D28BA100717D00 /* FontManger.swift in Sources */,
			);
			runOnlyForDeploymentPostprocessing = 0;
		};
/* End PBXSourcesBuildPhase section */

/* Begin XCBuildConfiguration section */
		8BE37C9726CC1CE800A2219E /* Debug */ = {
			isa = XCBuildConfiguration;
			buildSettings = {
				ALWAYS_SEARCH_USER_PATHS = NO;
				CLANG_ANALYZER_NONNULL = YES;
				CLANG_ANALYZER_NUMBER_OBJECT_CONVERSION = YES_AGGRESSIVE;
				CLANG_CXX_LANGUAGE_STANDARD = "gnu++17";
				CLANG_CXX_LIBRARY = "libc++";
				CLANG_ENABLE_MODULES = YES;
				CLANG_ENABLE_OBJC_ARC = YES;
				CLANG_ENABLE_OBJC_WEAK = YES;
				CLANG_WARN_BLOCK_CAPTURE_AUTORELEASING = YES;
				CLANG_WARN_BOOL_CONVERSION = YES;
				CLANG_WARN_COMMA = YES;
				CLANG_WARN_CONSTANT_CONVERSION = YES;
				CLANG_WARN_DEPRECATED_OBJC_IMPLEMENTATIONS = YES;
				CLANG_WARN_DIRECT_OBJC_ISA_USAGE = YES_ERROR;
				CLANG_WARN_DOCUMENTATION_COMMENTS = YES;
				CLANG_WARN_EMPTY_BODY = YES;
				CLANG_WARN_ENUM_CONVERSION = YES;
				CLANG_WARN_INFINITE_RECURSION = YES;
				CLANG_WARN_INT_CONVERSION = YES;
				CLANG_WARN_NON_LITERAL_NULL_CONVERSION = YES;
				CLANG_WARN_OBJC_IMPLICIT_RETAIN_SELF = YES;
				CLANG_WARN_OBJC_LITERAL_CONVERSION = YES;
				CLANG_WARN_OBJC_ROOT_CLASS = YES_ERROR;
				CLANG_WARN_QUOTED_INCLUDE_IN_FRAMEWORK_HEADER = YES;
				CLANG_WARN_RANGE_LOOP_ANALYSIS = YES;
				CLANG_WARN_STRICT_PROTOTYPES = YES;
				CLANG_WARN_SUSPICIOUS_MOVE = YES;
				CLANG_WARN_UNGUARDED_AVAILABILITY = YES_AGGRESSIVE;
				CLANG_WARN_UNREACHABLE_CODE = YES;
				CLANG_WARN__DUPLICATE_METHOD_MATCH = YES;
				COPY_PHASE_STRIP = NO;
				DEBUG_INFORMATION_FORMAT = dwarf;
				ENABLE_STRICT_OBJC_MSGSEND = YES;
				ENABLE_TESTABILITY = YES;
				GCC_C_LANGUAGE_STANDARD = gnu11;
				GCC_DYNAMIC_NO_PIC = NO;
				GCC_NO_COMMON_BLOCKS = YES;
				GCC_OPTIMIZATION_LEVEL = 0;
				GCC_PREPROCESSOR_DEFINITIONS = (
					"DEBUG=1",
					"$(inherited)",
				);
				GCC_WARN_64_TO_32_BIT_CONVERSION = YES;
				GCC_WARN_ABOUT_RETURN_TYPE = YES_ERROR;
				GCC_WARN_UNDECLARED_SELECTOR = YES;
				GCC_WARN_UNINITIALIZED_AUTOS = YES_AGGRESSIVE;
				GCC_WARN_UNUSED_FUNCTION = YES;
				GCC_WARN_UNUSED_VARIABLE = YES;
				IPHONEOS_DEPLOYMENT_TARGET = 15.0;
				MTL_ENABLE_DEBUG_INFO = INCLUDE_SOURCE;
				MTL_FAST_MATH = YES;
				ONLY_ACTIVE_ARCH = YES;
				SDKROOT = iphoneos;
				SWIFT_ACTIVE_COMPILATION_CONDITIONS = DEBUG;
				SWIFT_OPTIMIZATION_LEVEL = "-Onone";
			};
			name = Debug;
		};
		8BE37C9826CC1CE800A2219E /* Release */ = {
			isa = XCBuildConfiguration;
			buildSettings = {
				ALWAYS_SEARCH_USER_PATHS = NO;
				CLANG_ANALYZER_NONNULL = YES;
				CLANG_ANALYZER_NUMBER_OBJECT_CONVERSION = YES_AGGRESSIVE;
				CLANG_CXX_LANGUAGE_STANDARD = "gnu++17";
				CLANG_CXX_LIBRARY = "libc++";
				CLANG_ENABLE_MODULES = YES;
				CLANG_ENABLE_OBJC_ARC = YES;
				CLANG_ENABLE_OBJC_WEAK = YES;
				CLANG_WARN_BLOCK_CAPTURE_AUTORELEASING = YES;
				CLANG_WARN_BOOL_CONVERSION = YES;
				CLANG_WARN_COMMA = YES;
				CLANG_WARN_CONSTANT_CONVERSION = YES;
				CLANG_WARN_DEPRECATED_OBJC_IMPLEMENTATIONS = YES;
				CLANG_WARN_DIRECT_OBJC_ISA_USAGE = YES_ERROR;
				CLANG_WARN_DOCUMENTATION_COMMENTS = YES;
				CLANG_WARN_EMPTY_BODY = YES;
				CLANG_WARN_ENUM_CONVERSION = YES;
				CLANG_WARN_INFINITE_RECURSION = YES;
				CLANG_WARN_INT_CONVERSION = YES;
				CLANG_WARN_NON_LITERAL_NULL_CONVERSION = YES;
				CLANG_WARN_OBJC_IMPLICIT_RETAIN_SELF = YES;
				CLANG_WARN_OBJC_LITERAL_CONVERSION = YES;
				CLANG_WARN_OBJC_ROOT_CLASS = YES_ERROR;
				CLANG_WARN_QUOTED_INCLUDE_IN_FRAMEWORK_HEADER = YES;
				CLANG_WARN_RANGE_LOOP_ANALYSIS = YES;
				CLANG_WARN_STRICT_PROTOTYPES = YES;
				CLANG_WARN_SUSPICIOUS_MOVE = YES;
				CLANG_WARN_UNGUARDED_AVAILABILITY = YES_AGGRESSIVE;
				CLANG_WARN_UNREACHABLE_CODE = YES;
				CLANG_WARN__DUPLICATE_METHOD_MATCH = YES;
				COPY_PHASE_STRIP = NO;
				DEBUG_INFORMATION_FORMAT = "dwarf-with-dsym";
				ENABLE_NS_ASSERTIONS = NO;
				ENABLE_STRICT_OBJC_MSGSEND = YES;
				GCC_C_LANGUAGE_STANDARD = gnu11;
				GCC_NO_COMMON_BLOCKS = YES;
				GCC_WARN_64_TO_32_BIT_CONVERSION = YES;
				GCC_WARN_ABOUT_RETURN_TYPE = YES_ERROR;
				GCC_WARN_UNDECLARED_SELECTOR = YES;
				GCC_WARN_UNINITIALIZED_AUTOS = YES_AGGRESSIVE;
				GCC_WARN_UNUSED_FUNCTION = YES;
				GCC_WARN_UNUSED_VARIABLE = YES;
				IPHONEOS_DEPLOYMENT_TARGET = 15.0;
				MTL_ENABLE_DEBUG_INFO = NO;
				MTL_FAST_MATH = YES;
				SDKROOT = iphoneos;
				SWIFT_COMPILATION_MODE = wholemodule;
				SWIFT_OPTIMIZATION_LEVEL = "-O";
				VALIDATE_PRODUCT = YES;
			};
			name = Release;
		};
		8BE37C9A26CC1CE800A2219E /* Debug */ = {
			isa = XCBuildConfiguration;
			buildSettings = {
				ASSETCATALOG_COMPILER_APPICON_NAME = AppIcon;
				ASSETCATALOG_COMPILER_GLOBAL_ACCENT_COLOR_NAME = AccentColor;
				CODE_SIGN_STYLE = Automatic;
				CURRENT_PROJECT_VERSION = 1;
				DEVELOPMENT_ASSET_PATHS = "\"simba/Preview Content\"";
				ENABLE_PREVIEWS = YES;
				GENERATE_INFOPLIST_FILE = YES;
				INFOPLIST_FILE = simba/Info.plist;
				INFOPLIST_KEY_UIApplicationSceneManifest_Generation = YES;
				INFOPLIST_KEY_UIApplicationSupportsIndirectInputEvents = YES;
				INFOPLIST_KEY_UILaunchScreen_Generation = YES;
				INFOPLIST_KEY_UISupportedInterfaceOrientations_iPad = "UIInterfaceOrientationPortrait UIInterfaceOrientationPortraitUpsideDown UIInterfaceOrientationLandscapeLeft UIInterfaceOrientationLandscapeRight";
				IPHONEOS_DEPLOYMENT_TARGET = 14.0;
				LD_RUNPATH_SEARCH_PATHS = (
					"$(inherited)",
					"@executable_path/Frameworks",
				);
				MARKETING_VERSION = 1.0;
				PRODUCT_BUNDLE_IDENTIFIER = com.andrejkling.simba;
				PRODUCT_NAME = "$(TARGET_NAME)";
				SWIFT_EMIT_LOC_STRINGS = YES;
				SWIFT_VERSION = 5.0;
				TARGETED_DEVICE_FAMILY = "1,2";
			};
			name = Debug;
		};
		8BE37C9B26CC1CE800A2219E /* Release */ = {
			isa = XCBuildConfiguration;
			buildSettings = {
				ASSETCATALOG_COMPILER_APPICON_NAME = AppIcon;
				ASSETCATALOG_COMPILER_GLOBAL_ACCENT_COLOR_NAME = AccentColor;
				CODE_SIGN_STYLE = Automatic;
				CURRENT_PROJECT_VERSION = 1;
				DEVELOPMENT_ASSET_PATHS = "\"simba/Preview Content\"";
				ENABLE_PREVIEWS = YES;
				GENERATE_INFOPLIST_FILE = YES;
				INFOPLIST_FILE = simba/Info.plist;
				INFOPLIST_KEY_UIApplicationSceneManifest_Generation = YES;
				INFOPLIST_KEY_UIApplicationSupportsIndirectInputEvents = YES;
				INFOPLIST_KEY_UILaunchScreen_Generation = YES;
				INFOPLIST_KEY_UISupportedInterfaceOrientations_iPad = "UIInterfaceOrientationPortrait UIInterfaceOrientationPortraitUpsideDown UIInterfaceOrientationLandscapeLeft UIInterfaceOrientationLandscapeRight";
				IPHONEOS_DEPLOYMENT_TARGET = 14.0;
				LD_RUNPATH_SEARCH_PATHS = (
					"$(inherited)",
					"@executable_path/Frameworks",
				);
				MARKETING_VERSION = 1.0;
				PRODUCT_BUNDLE_IDENTIFIER = com.andrejkling.simba;
				PRODUCT_NAME = "$(TARGET_NAME)";
				SWIFT_EMIT_LOC_STRINGS = YES;
				SWIFT_VERSION = 5.0;
				TARGETED_DEVICE_FAMILY = "1,2";
			};
			name = Release;
		};
/* End XCBuildConfiguration section */

/* Begin XCConfigurationList section */
		8BE37C8626CC1CE700A2219E /* Build configuration list for PBXProject "simba" */ = {
			isa = XCConfigurationList;
			buildConfigurations = (
				8BE37C9726CC1CE800A2219E /* Debug */,
				8BE37C9826CC1CE800A2219E /* Release */,
			);
			defaultConfigurationIsVisible = 0;
			defaultConfigurationName = Release;
		};
		8BE37C9926CC1CE800A2219E /* Build configuration list for PBXNativeTarget "simba" */ = {
			isa = XCConfigurationList;
			buildConfigurations = (
				8BE37C9A26CC1CE800A2219E /* Debug */,
				8BE37C9B26CC1CE800A2219E /* Release */,
			);
			defaultConfigurationIsVisible = 0;
			defaultConfigurationName = Release;
		};
/* End XCConfigurationList section */
	};
	rootObject = 8BE37C8326CC1CE700A2219E /* Project object */;
}
